{
  "name": "w_extjs_sample_scrumapp",
  "version": "2.0.0",
  "lockfileVersion": 1,
  "requires": true,
  "dependencies": {
    "eirc-w-extjs-sdk": {
      "version": "git+https://sopr:soprsopr@repo.mos.ru/eirc_w_extjs_sdk.git#4d7298ce53ed66bfc9f1eedac32975abfa28d71b",
      "from": "git+https://sopr:soprsopr@repo.mos.ru/eirc_w_extjs_sdk.git#v6.5.3-57",
      "dev": true
    },
    "infogorod_w_extjs_common": {
      "version": "1.6.0",
      "resolved": "https://registry.npmjs.org/infogorod_w_extjs_common/-/infogorod_w_extjs_common-1.6.0.tgz",
      "integrity": "sha512-e6jYdgn4kSRZMSdaSG1Dzn5ix0hm/DJ3FAFXscErbUu68r4INHs5jHw8g3bGFKYEK9WNCk9+Aorjn/Yz95/dbg==",
      "dev": true
    }
  }
}
